# THIS IS AN AUTOGENERATED FILE. DO NOT EDIT THIS FILE DIRECTLY.
# yarn lockfile v1


"@babel/runtime@^7.3.1", "@babel/runtime@^7.4.4", "@babel/runtime@^7.5.5", "@babel/runtime@^7.6.0", "@babel/runtime@^7.8.3", "@babel/runtime@^7.8.7":
  version "7.9.2"
  resolved "https://registry.npm.taobao.org/@babel/runtime/download/@babel/runtime-7.9.2.tgz#d90df0583a3a252f09aaa619665367bae518db06"
  integrity sha1-2Q3wWDo6JS8JqqYZZlNnuuUY2wY=
  dependencies:
    regenerator-runtime "^0.13.4"

"@date-io/core@1.x":
  version "1.3.13"
  resolved "https://registry.npm.taobao.org/@date-io/core/download/@date-io/core-1.3.13.tgz#90c71da493f20204b7a972929cc5c482d078b3fa"
  integrity sha1-kMcdpJPyAgS3qXKSnMXEgtB4s/o=

"@date-io/core@^2.11.0":
  version "2.11.0"
  resolved "https://registry.nlark.com/@date-io/core/download/@date-io/core-2.11.0.tgz#28580cda1c8228ab2c7ed6aee673ef0495f913e6"
  integrity sha1-KFgM2hyCKKssftau5nPvBJX5E+Y=

"@date-io/date-fns@2.x":
  version "2.11.0"
  resolved "https://registry.nlark.com/@date-io/date-fns/download/@date-io/date-fns-2.11.0.tgz#142fbf954eda7ad66514af7a2802d78c4ea40053"
  integrity sha1-FC+/lU7aetZlFK96KALXjE6kAFM=
  dependencies:
    "@date-io/core" "^2.11.0"

"@emotion/hash@^0.8.0":
  version "0.8.0"
  resolved "https://registry.npm.taobao.org/@emotion/hash/download/@emotion/hash-0.8.0.tgz#bbbff68978fefdbe68ccb533bc8cbe1d1afb5413"
  integrity sha1-u7/2iXj+/b5ozLUzvIy+HRr7VBM=

"@material-ui/core@^4.12.3":
  version "4.12.3"
  resolved "https://registry.nlark.com/@material-ui/core/download/@material-ui/core-4.12.3.tgz#80d665caf0f1f034e52355c5450c0e38b099d3ca"
  integrity sha1-gNZlyvDx8DTlI1XFRQwOOLCZ08o=
  dependencies:
    "@babel/runtime" "^7.4.4"
    "@material-ui/styles" "^4.11.4"
    "@material-ui/system" "^4.12.1"
    "@material-ui/types" "5.1.0"
    "@material-ui/utils" "^4.11.2"
    "@types/react-transition-group" "^4.2.0"
    clsx "^1.0.4"
    hoist-non-react-statics "^3.3.2"
    popper.js "1.16.1-lts"
    prop-types "^15.7.2"
    react-is "^16.8.0 || ^17.0.0"
    react-transition-group "^4.4.0"

"@material-ui/icons@^4.11.2":
  version "4.11.2"
  resolved "https://registry.nlark.com/@material-ui/icons/download/@material-ui/icons-4.11.2.tgz#b3a7353266519cd743b6461ae9fdfcb1b25eb4c5"
  integrity sha1-s6c1MmZRnNdDtkYa6f38sbJetMU=
  dependencies:
    "@babel/runtime" "^7.4.4"

"@material-ui/lab@^4.0.0-alpha.60":
  version "4.0.0-alpha.60"
  resolved "https://registry.nlark.com/@material-ui/lab/download/@material-ui/lab-4.0.0-alpha.60.tgz#5ad203aed5a8569b0f1753945a21a05efa2234d2"
  integrity sha1-WtIDrtWoVpsPF1OUWiGgXvoiNNI=
  dependencies:
    "@babel/runtime" "^7.4.4"
    "@material-ui/utils" "^4.11.2"
    clsx "^1.0.4"
    prop-types "^15.7.2"
    react-is "^16.8.0 || ^17.0.0"

"@material-ui/pickers@^3.3.10":
  version "3.3.10"
  resolved "https://registry.nlark.com/@material-ui/pickers/download/@material-ui/pickers-3.3.10.tgz#f1b0f963348cc191645ef0bdeff7a67c6aa25485"
  integrity sha1-8bD5YzSMwZFkXvC97/emfGqiVIU=
  dependencies:
    "@babel/runtime" "^7.6.0"
    "@date-io/core" "1.x"
    "@types/styled-jsx" "^2.2.8"
    clsx "^1.0.2"
    react-transition-group "^4.0.0"
    rifm "^0.7.0"

"@material-ui/styles@^4.11.4":
  version "4.11.4"
  resolved "https://registry.nlark.com/@material-ui/styles/download/@material-ui/styles-4.11.4.tgz#eb9dfccfcc2d208243d986457dff025497afa00d"
  integrity sha1-6538z8wtIIJD2YZFff8CVJevoA0=
  dependencies:
    "@babel/runtime" "^7.4.4"
    "@emotion/hash" "^0.8.0"
    "@material-ui/types" "5.1.0"
    "@material-ui/utils" "^4.11.2"
    clsx "^1.0.4"
    csstype "^2.5.2"
    hoist-non-react-statics "^3.3.2"
    jss "^10.5.1"
    jss-plugin-camel-case "^10.5.1"
    jss-plugin-default-unit "^10.5.1"
    jss-plugin-global "^10.5.1"
    jss-plugin-nested "^10.5.1"
    jss-plugin-props-sort "^10.5.1"
    jss-plugin-rule-value-function "^10.5.1"
    jss-plugin-vendor-prefixer "^10.5.1"
    prop-types "^15.7.2"

"@material-ui/system@^4.12.1":
  version "4.12.1"
  resolved "https://registry.nlark.com/@material-ui/system/download/@material-ui/system-4.12.1.tgz?cache=0&sync_timestamp=1629876897478&other_urls=https%3A%2F%2Fregistry.nlark.com%2F%40material-ui%2Fsystem%2Fdownload%2F%40material-ui%2Fsystem-4.12.1.tgz#2dd96c243f8c0a331b2bb6d46efd7771a399707c"
  integrity sha1-LdlsJD+MCjMbK7bUbv13caOZcHw=
  dependencies:
    "@babel/runtime" "^7.4.4"
    "@material-ui/utils" "^4.11.2"
    csstype "^2.5.2"
    prop-types "^15.7.2"

"@material-ui/types@5.1.0":
  version "5.1.0"
  resolved "https://registry.nlark.com/@material-ui/types/download/@material-ui/types-5.1.0.tgz#efa1c7a0b0eaa4c7c87ac0390445f0f88b0d88f2"
  integrity sha1-76HHoLDqpMfIesA5BEXw+IsNiPI=

"@material-ui/utils@^4.11.2":
  version "4.11.2"
  resolved "https://registry.nlark.com/@material-ui/utils/download/@material-ui/utils-4.11.2.tgz?cache=0&sync_timestamp=1629876897848&other_urls=https%3A%2F%2Fregistry.nlark.com%2F%40material-ui%2Futils%2Fdownload%2F%40material-ui%2Futils-4.11.2.tgz#f1aefa7e7dff2ebcb97d31de51aecab1bb57540a"
  integrity sha1-8a76fn3/Lry5fTHeUa7KsbtXVAo=
  dependencies:
    "@babel/runtime" "^7.4.4"
    prop-types "^15.7.2"
    react-is "^16.8.0 || ^17.0.0"

"@types/classnames@^2.3.1":
  version "2.3.1"
  resolved "https://registry.nlark.com/@types/classnames/download/@types/classnames-2.3.1.tgz?cache=0&sync_timestamp=1618929797687&other_urls=https%3A%2F%2Fregistry.nlark.com%2F%40types%2Fclassnames%2Fdownload%2F%40types%2Fclassnames-2.3.1.tgz#3c2467aa0f1a93f1f021e3b9bcf938bd5dfdc0dd"
  integrity sha1-PCRnqg8ak/HwIeO5vPk4vV39wN0=
  dependencies:
    classnames "*"

"@types/lodash@^4.14.172":
  version "4.14.172"
  resolved "https://registry.nlark.com/@types/lodash/download/@types/lodash-4.14.172.tgz#aad774c28e7bfd7a67de25408e03ee5a8c3d028a"
  integrity sha1-qtd0wo57/Xpn3iVAjgPuWow9Aoo=

"@types/prop-types@*":
  version "15.7.3"
  resolved "https://registry.npm.taobao.org/@types/prop-types/download/@types/prop-types-15.7.3.tgz#2ab0d5da2e5815f94b0b9d4b95d1e5f243ab2ca7"
  integrity sha1-KrDV2i5YFflLC51LldHl8kOrLKc=

"@types/react-transition-group@^4.2.0":
  version "4.2.4"
  resolved "https://registry.npm.taobao.org/@types/react-transition-group/download/@types/react-transition-group-4.2.4.tgz#c7416225987ccdb719262766c1483da8f826838d"
  integrity sha1-x0FiJZh8zbcZJidmwUg9qPgmg40=
  dependencies:
    "@types/react" "*"

"@types/react@*":
  version "16.9.34"
  resolved "https://registry.npm.taobao.org/@types/react/download/@types/react-16.9.34.tgz?cache=0&sync_timestamp=1586463711564&other_urls=https%3A%2F%2Fregistry.npm.taobao.org%2F%40types%2Freact%2Fdownload%2F%40types%2Freact-16.9.34.tgz#f7d5e331c468f53affed17a8a4d488cd44ea9349"
  integrity sha1-99XjMcRo9Tr/7ReopNSIzUTqk0k=
  dependencies:
    "@types/prop-types" "*"
    csstype "^2.2.0"

"@types/styled-jsx@^2.2.8":
  version "2.2.8"
  resolved "https://registry.npm.taobao.org/@types/styled-jsx/download/@types/styled-jsx-2.2.8.tgz#b50d13d8a3c34036282d65194554cf186bab7234"
  integrity sha1-tQ0T2KPDQDYoLWUZRVTPGGurcjQ=
  dependencies:
    "@types/react" "*"

classnames@*, classnames@^2.3.1:
  version "2.3.1"
  resolved "https://registry.npm.taobao.org/classnames/download/classnames-2.3.1.tgz#dfcfa3891e306ec1dad105d0e88f4417b8535e8e"
  integrity sha1-38+jiR4wbsHa0QXQ6I9EF7hTXo4=

clsx@^1.0.2, clsx@^1.0.4:
  version "1.1.0"
  resolved "https://registry.npm.taobao.org/clsx/download/clsx-1.1.0.tgz?cache=0&other_urls=https%3A%2F%2Fregistry.npm.taobao.org%2Fclsx%2Fdownload%2Fclsx-1.1.0.tgz#62937c6adfea771247c34b54d320fb99624f5702"
  integrity sha1-YpN8at/qdxJHw0tU0yD7mWJPVwI=

css-vendor@^2.0.8:
  version "2.0.8"
  resolved "https://registry.npm.taobao.org/css-vendor/download/css-vendor-2.0.8.tgz#e47f91d3bd3117d49180a3c935e62e3d9f7f449d"
  integrity sha1-5H+R070xF9SRgKPJNeYuPZ9/RJ0=
  dependencies:
    "@babel/runtime" "^7.8.3"
    is-in-browser "^1.0.2"

csstype@^2.2.0, csstype@^2.5.2, csstype@^2.6.7:
  version "2.6.10"
  resolved "https://registry.npm.taobao.org/csstype/download/csstype-2.6.10.tgz?cache=0&sync_timestamp=1586935655811&other_urls=https%3A%2F%2Fregistry.npm.taobao.org%2Fcsstype%2Fdownload%2Fcsstype-2.6.10.tgz#e63af50e66d7c266edb6b32909cfd0aabe03928b"
  integrity sha1-5jr1DmbXwmbttrMpCc/Qqr4Dkos=

csstype@^3.0.2:
  version "3.0.9"
  resolved "https://registry.nlark.com/csstype/download/csstype-3.0.9.tgz?cache=0&sync_timestamp=1631540658518&other_urls=https%3A%2F%2Fregistry.nlark.com%2Fcsstype%2Fdownload%2Fcsstype-3.0.9.tgz#6410af31b26bd0520933d02cbc64fce9ce3fbf0b"
  integrity sha1-ZBCvMbJr0FIJM9AsvGT86c4/vws=

date-fns@^2.23.0:
  version "2.23.0"
  resolved "https://registry.nlark.com/date-fns/download/date-fns-2.23.0.tgz#4e886c941659af0cf7b30fafdd1eaa37e88788a9"
  integrity sha1-TohslBZZrwz3sw+v3R6qN+iHiKk=

dom-helpers@^5.0.1:
  version "5.1.4"
  resolved "https://registry.npm.taobao.org/dom-helpers/download/dom-helpers-5.1.4.tgz#4609680ab5c79a45f2531441f1949b79d6587f4b"
  integrity sha1-RgloCrXHmkXyUxRB8ZSbedZYf0s=
  dependencies:
    "@babel/runtime" "^7.8.7"
    csstype "^2.6.7"

hoist-non-react-statics@^3.3.2:
  version "3.3.2"
  resolved "https://registry.npm.taobao.org/hoist-non-react-statics/download/hoist-non-react-statics-3.3.2.tgz#ece0acaf71d62c2969c2ec59feff42a4b1a85b45"
  integrity sha1-7OCsr3HWLClpwuxZ/v9CpLGoW0U=
  dependencies:
    react-is "^16.7.0"

hyphenate-style-name@^1.0.3:
  version "1.0.3"
  resolved "https://registry.npm.taobao.org/hyphenate-style-name/download/hyphenate-style-name-1.0.3.tgz#097bb7fa0b8f1a9cf0bd5c734cf95899981a9b48"
  integrity sha1-CXu3+guPGpzwvVxzTPlYmZgam0g=

is-in-browser@^1.0.2, is-in-browser@^1.1.3:
  version "1.1.3"
  resolved "https://registry.npm.taobao.org/is-in-browser/download/is-in-browser-1.1.3.tgz#56ff4db683a078c6082eb95dad7dc62e1d04f835"
  integrity sha1-Vv9NtoOgeMYILrldrX3GLh0E+DU=

"js-tokens@^3.0.0 || ^4.0.0":
  version "4.0.0"
  resolved "https://registry.npm.taobao.org/js-tokens/download/js-tokens-4.0.0.tgz#19203fb59991df98e3a287050d4647cdeaf32499"
  integrity sha1-GSA/tZmR35jjoocFDUZHzerzJJk=

jss-plugin-camel-case@^10.5.1:
  version "10.7.1"
  resolved "https://registry.nlark.com/jss-plugin-camel-case/download/jss-plugin-camel-case-10.7.1.tgz#e7f7097cf97e9deec599cef3275e213452318b93"
  integrity sha1-5/cJfPl+ne7Fmc7zJ14hNFIxi5M=
  dependencies:
    "@babel/runtime" "^7.3.1"
    hyphenate-style-name "^1.0.3"
    jss "10.7.1"

jss-plugin-default-unit@^10.5.1:
  version "10.7.1"
  resolved "https://registry.nlark.com/jss-plugin-default-unit/download/jss-plugin-default-unit-10.7.1.tgz#826270e2ee38d7024a281ac67c30d6944f124786"
  integrity sha1-gmJw4u441wJKKBrGfDDWlE8SR4Y=
  dependencies:
    "@babel/runtime" "^7.3.1"
    jss "10.7.1"

jss-plugin-global@^10.5.1:
  version "10.7.1"
  resolved "https://registry.nlark.com/jss-plugin-global/download/jss-plugin-global-10.7.1.tgz#9725c46d662aac2e596a0a8741944c060e2b90a1"
  integrity sha1-lyXEbWYqrC5ZagqHQZRMBg4rkKE=
  dependencies:
    "@babel/runtime" "^7.3.1"
    jss "10.7.1"

jss-plugin-nested@^10.5.1:
  version "10.7.1"
  resolved "https://registry.nlark.com/jss-plugin-nested/download/jss-plugin-nested-10.7.1.tgz#35563a7a710a45307fd6b9742ffada1d72a62eb7"
  integrity sha1-NVY6enEKRTB/1rl0L/raHXKmLrc=
  dependencies:
    "@babel/runtime" "^7.3.1"
    jss "10.7.1"
    tiny-warning "^1.0.2"

jss-plugin-props-sort@^10.5.1:
  version "10.7.1"
  resolved "https://registry.nlark.com/jss-plugin-props-sort/download/jss-plugin-props-sort-10.7.1.tgz#1d12b26048541ed3a2ed1b69f7fc231605728362"
  integrity sha1-HRKyYEhUHtOi7Rtp9/wjFgVyg2I=
  dependencies:
    "@babel/runtime" "^7.3.1"
    jss "10.7.1"

jss-plugin-rule-value-function@^10.5.1:
  version "10.7.1"
  resolved "https://registry.nlark.com/jss-plugin-rule-value-function/download/jss-plugin-rule-value-function-10.7.1.tgz#123eb796eb9982f8efa7a7e362daddd90c0c69fe"
  integrity sha1-Ej63luuZgvjvp6fjYtrd2QwMaf4=
  dependencies:
    "@babel/runtime" "^7.3.1"
    jss "10.7.1"
    tiny-warning "^1.0.2"

jss-plugin-vendor-prefixer@^10.5.1:
  version "10.7.1"
  resolved "https://registry.nlark.com/jss-plugin-vendor-prefixer/download/jss-plugin-vendor-prefixer-10.7.1.tgz#217821be2d6dacee31d2d464886760ba7742e19a"
  integrity sha1-IXghvi1trO4x0tRkiGdgundC4Zo=
  dependencies:
    "@babel/runtime" "^7.3.1"
    css-vendor "^2.0.8"
    jss "10.7.1"

jss@10.7.1, jss@^10.5.1:
  version "10.7.1"
  resolved "https://registry.nlark.com/jss/download/jss-10.7.1.tgz#16d846e1a22fb42e857b99f9c6a0c5a27341c804"
  integrity sha1-FthG4aIvtC6Fe5n5xqDFonNByAQ=
  dependencies:
    "@babel/runtime" "^7.3.1"
    csstype "^3.0.2"
    is-in-browser "^1.1.3"
    tiny-warning "^1.0.2"

lodash@^4.17.21:
  version "4.17.21"
  resolved "https://registry.nlark.com/lodash/download/lodash-4.17.21.tgz#679591c564c3bffaae8454cf0b3df370c3d6911c"
  integrity sha1-Z5WRxWTDv/quhFTPCz3zcMPWkRw=

loose-envify@^1.1.0, loose-envify@^1.4.0:
  version "1.4.0"
  resolved "https://registry.npm.taobao.org/loose-envify/download/loose-envify-1.4.0.tgz#71ee51fa7be4caec1a63839f7e682d8132d30caf"
  integrity sha1-ce5R+nvkyuwaY4OffmgtgTLTDK8=
  dependencies:
    js-tokens "^3.0.0 || ^4.0.0"

object-assign@^4.1.1:
  version "4.1.1"
  resolved "https://registry.npm.taobao.org/object-assign/download/object-assign-4.1.1.tgz?cache=0&other_urls=https%3A%2F%2Fregistry.npm.taobao.org%2Fobject-assign%2Fdownload%2Fobject-assign-4.1.1.tgz#2109adc7965887cfc05cbbd442cac8bfbb360863"
  integrity sha1-IQmtx5ZYh8/AXLvUQsrIv7s2CGM=

popper.js@1.16.1-lts:
  version "1.16.1-lts"
  resolved "https://registry.npm.taobao.org/popper.js/download/popper.js-1.16.1-lts.tgz#cf6847b807da3799d80ee3d6d2f90df8a3f50b05"
  integrity sha1-z2hHuAfaN5nYDuPW0vkN+KP1CwU=

prop-types@^15.6.2, prop-types@^15.7.2:
  version "15.7.2"
  resolved "https://registry.npm.taobao.org/prop-types/download/prop-types-15.7.2.tgz#52c41e75b8c87e72b9d9360e0206b99dcbffa6c5"
  integrity sha1-UsQedbjIfnK52TYOAga5ncv/psU=
  dependencies:
    loose-envify "^1.4.0"
    object-assign "^4.1.1"
    react-is "^16.8.1"

react-dom@17.0.2:
  version "17.0.2"
  resolved "https://registry.nlark.com/react-dom/download/react-dom-17.0.2.tgz?cache=0&sync_timestamp=1631636222552&other_urls=https%3A%2F%2Fregistry.nlark.com%2Freact-dom%2Fdownload%2Freact-dom-17.0.2.tgz#ecffb6845e3ad8dbfcdc498f0d0a939736502c23"
  integrity sha1-7P+2hF462Nv83EmPDQqTlzZQLCM=
  dependencies:
    loose-envify "^1.1.0"
    object-assign "^4.1.1"
    scheduler "^0.20.2"

react-is@^16.7.0, react-is@^16.8.1:
  version "16.13.1"
  resolved "https://registry.npm.taobao.org/react-is/download/react-is-16.13.1.tgz?cache=0&sync_timestamp=1586484576689&other_urls=https%3A%2F%2Fregistry.npm.taobao.org%2Freact-is%2Fdownload%2Freact-is-16.13.1.tgz#789729a4dc36de2999dc156dd6c1d9c18cea56a4"
  integrity sha1-eJcppNw23imZ3BVt1sHZwYzqVqQ=

"react-is@^16.8.0 || ^17.0.0":
  version "17.0.2"
  resolved "https://registry.nlark.com/react-is/download/react-is-17.0.2.tgz#e691d4a8e9c789365655539ab372762b0efb54f0"
  integrity sha1-5pHUqOnHiTZWVVOas3J2Kw77VPA=

react-transition-group@^4.0.0:
  version "4.3.0"
  resolved "https://registry.npm.taobao.org/react-transition-group/download/react-transition-group-4.3.0.tgz#fea832e386cf8796c58b61874a3319704f5ce683"
  integrity sha1-/qgy44bPh5bFi2GHSjMZcE9c5oM=
  dependencies:
    "@babel/runtime" "^7.5.5"
    dom-helpers "^5.0.1"
    loose-envify "^1.4.0"
    prop-types "^15.6.2"

react-transition-group@^4.4.0:
  version "4.4.2"
  resolved "https://registry.nlark.com/react-transition-group/download/react-transition-group-4.4.2.tgz?cache=0&sync_timestamp=1622301030407&other_urls=https%3A%2F%2Fregistry.nlark.com%2Freact-transition-group%2Fdownload%2Freact-transition-group-4.4.2.tgz#8b59a56f09ced7b55cbd53c36768b922890d5470"
  integrity sha1-i1mlbwnO17VcvVPDZ2i5IokNVHA=
  dependencies:
    "@babel/runtime" "^7.5.5"
    dom-helpers "^5.0.1"
    loose-envify "^1.4.0"
    prop-types "^15.6.2"

react@17.0.2:
  version "17.0.2"
  resolved "https://registry.nlark.com/react/download/react-17.0.2.tgz#d0b5cc516d29eb3eee383f75b62864cfb6800037"
  integrity sha1-0LXMUW0p6z7uOD91tihkz7aAADc=
  dependencies:
    loose-envify "^1.1.0"
    object-assign "^4.1.1"

regenerator-runtime@^0.13.4:
  version "0.13.5"
  resolved "https://registry.npm.taobao.org/regenerator-runtime/download/regenerator-runtime-0.13.5.tgz?cache=0&sync_timestamp=1584052597708&other_urls=https%3A%2F%2Fregistry.npm.taobao.org%2Fregenerator-runtime%2Fdownload%2Fregenerator-runtime-0.13.5.tgz#d878a1d094b4306d10b9096484b33ebd55e26697"
  integrity sha1-2Hih0JS0MG0QuQlkhLM+vVXiZpc=

rifm@^0.7.0:
  version "0.7.0"
  resolved "https://registry.npm.taobao.org/rifm/download/rifm-0.7.0.tgz#debe951a9c83549ca6b33e5919f716044c2230be"
  integrity sha1-3r6VGpyDVJymsz5ZGfcWBEwiML4=
  dependencies:
    "@babel/runtime" "^7.3.1"

scheduler@^0.20.2:
  version "0.20.2"
  resolved "https://registry.nlark.com/scheduler/download/scheduler-0.20.2.tgz?cache=0&sync_timestamp=1631636216530&other_urls=https%3A%2F%2Fregistry.nlark.com%2Fscheduler%2Fdownload%2Fscheduler-0.20.2.tgz#4baee39436e34aa93b4874bddcbf0fe8b8b50e91"
  integrity sha1-S67jlDbjSqk7SHS93L8P6Li1DpE=
  dependencies:
    loose-envify "^1.1.0"
    object-assign "^4.1.1"

tiny-warning@^1.0.2:
  version "1.0.3"
  resolved "https://registry.npm.taobao.org/tiny-warning/download/tiny-warning-1.0.3.tgz#94a30db453df4c643d0fd566060d60a875d84754"
  integrity sha1-lKMNtFPfTGQ9D9VmBg1gqHXYR1Q=

tslib@^2.3.1:
  version "2.3.1"
  resolved "https://registry.nlark.com/tslib/download/tslib-2.3.1.tgz?cache=0&sync_timestamp=1628722556410&other_urls=https%3A%2F%2Fregistry.nlark.com%2Ftslib%2Fdownload%2Ftslib-2.3.1.tgz#e8a335add5ceae51aa261d32a490158ef042ef01"
  integrity sha1-6KM1rdXOrlGqJh0ypJAVjvBC7wE=
